
Microsoft Visual Studio Solution File, Format Version 12.00
# Visual Studio 14
VisualStudioVersion = 14.0.25420.1
MinimumVisualStudioVersion = 10.0.40219.1
Project("{FAE04EC0-301F-11D3-BF4B-00C04F79EFBC}") = "SumAverageOfSequence", "LinearDataStructures\SumAverageOfSequence.csproj", "{202D35D9-1A9F-46E7-A81B-C0851136C94B}"
EndProject
Project("{FAE04EC0-301F-11D3-BF4B-00C04F79EFBC}") = "ReversedOrder", "ReversedOrder\ReversedOrder.csproj", "{36F5DA84-D31E-4473-82C8-AFBB98D7DE56}"
EndProject
Project("{FAE04EC0-301F-11D3-BF4B-00C04F79EFBC}") = "AscendingOrder", "AscendingOrder\AscendingOrder.csproj", "{ACA36CD2-C364-4A7B-B801-E7036829304A}"
EndProject
Project("{FAE04EC0-301F-11D3-BF4B-00C04F79EFBC}") = "LongestSubsequence", "LongestSubsequence\LongestSubsequence.csproj", "{A3717415-D965-4151-AC38-68F47909F8CF}"
EndProject
Project("{FAE04EC0-301F-11D3-BF4B-00C04F79EFBC}") = "RemovesNegativeNumbers", "RemovesNegativeNumbers\RemovesNegativeNumbers.csproj", "{FD4A8A15-DDFC-4B5F-92F9-93F5F78442F4}"
EndProject
Project("{FAE04EC0-301F-11D3-BF4B-00C04F79EFBC}") = "OddCountOfTimes", "OddCountOfTimes\OddCountOfTimes.csproj", "{C954B3B7-527C-4DF8-9CFD-C3CD482A8277}"
EndProject
Project("{FAE04EC0-301F-11D3-BF4B-00C04F79EFBC}") = "HowManyOccurs", "HowManyOccurs\HowManyOccurs.csproj", "{9AF3E724-07E8-4C71-A92D-08CB68F3B404}"
EndProject
Project("{FAE04EC0-301F-11D3-BF4B-00C04F79EFBC}") = "FindTheMajorant", "FindTheMajorant\FindTheMajorant.csproj", "{D60B3AD6-C4D2-4DB7-ADB9-FCA46AC73FAC}"
EndProject
Project("{FAE04EC0-301F-11D3-BF4B-00C04F79EFBC}") = "FiftyElementsOfSequence", "FiftyElementsOfSequence\FiftyElementsOfSequence.csproj", "{609469FB-C21E-4300-A187-BABDA6E34E78}"
EndProject
Project("{FAE04EC0-301F-11D3-BF4B-00C04F79EFBC}") = "ShortestSubsequence", "ShortestSubsequence\ShortestSubsequence.csproj", "{BFAB7B10-6F31-40F9-8421-3B4F19D0FCAF}"
EndProject
Project("{FAE04EC0-301F-11D3-BF4B-00C04F79EFBC}") = "DoublyLinkedList", "DoublyLinkedList\DoublyLinkedList.csproj", "{19AE2749-1B9C-43B2-A858-B9BF5DE1122B}"
EndProject
Global
	GlobalSection(SolutionConfigurationPlatforms) = preSolution
		Debug|Any CPU = Debug|Any CPU
		Release|Any CPU = Release|Any CPU
	EndGlobalSection
	GlobalSection(ProjectConfigurationPlatforms) = postSolution
		{202D35D9-1A9F-46E7-A81B-C0851136C94B}.Debug|Any CPU.ActiveCfg = Debug|Any CPU
		{202D35D9-1A9F-46E7-A81B-C0851136C94B}.Debug|Any CPU.Build.0 = Debug|Any CPU
		{202D35D9-1A9F-46E7-A81B-C0851136C94B}.Release|Any CPU.ActiveCfg = Release|Any CPU
		{202D35D9-1A9F-46E7-A81B-C0851136C94B}.Release|Any CPU.Build.0 = Release|Any CPU
		{36F5DA84-D31E-4473-82C8-AFBB98D7DE56}.Debug|Any CPU.ActiveCfg = Debug|Any CPU
		{36F5DA84-D31E-4473-82C8-AFBB98D7DE56}.Debug|Any CPU.Build.0 = Debug|Any CPU
		{36F5DA84-D31E-4473-82C8-AFBB98D7DE56}.Release|Any CPU.ActiveCfg = Release|Any CPU
		{36F5DA84-D31E-4473-82C8-AFBB98D7DE56}.Release|Any CPU.Build.0 = Release|Any CPU
		{ACA36CD2-C364-4A7B-B801-E7036829304A}.Debug|Any CPU.ActiveCfg = Debug|Any CPU
		{ACA36CD2-C364-4A7B-B801-E7036829304A}.Debug|Any CPU.Build.0 = Debug|Any CPU
		{ACA36CD2-C364-4A7B-B801-E7036829304A}.Release|Any CPU.ActiveCfg = Release|Any CPU
		{ACA36CD2-C364-4A7B-B801-E7036829304A}.Release|Any CPU.Build.0 = Release|Any CPU
		{A3717415-D965-4151-AC38-68F47909F8CF}.Debug|Any CPU.ActiveCfg = Debug|Any CPU
		{A3717415-D965-4151-AC38-68F47909F8CF}.Debug|Any CPU.Build.0 = Debug|Any CPU
		{A3717415-D965-4151-AC38-68F47909F8CF}.Release|Any CPU.ActiveCfg = Release|Any CPU
		{A3717415-D965-4151-AC38-68F47909F8CF}.Release|Any CPU.Build.0 = Release|Any CPU
		{FD4A8A15-DDFC-4B5F-92F9-93F5F78442F4}.Debug|Any CPU.ActiveCfg = Debug|Any CPU
		{FD4A8A15-DDFC-4B5F-92F9-93F5F78442F4}.Debug|Any CPU.Build.0 = Debug|Any CPU
		{FD4A8A15-DDFC-4B5F-92F9-93F5F78442F4}.Release|Any CPU.ActiveCfg = Release|Any CPU
		{FD4A8A15-DDFC-4B5F-92F9-93F5F78442F4}.Release|Any CPU.Build.0 = Release|Any CPU
		{C954B3B7-527C-4DF8-9CFD-C3CD482A8277}.Debug|Any CPU.ActiveCfg = Debug|Any CPU
		{C954B3B7-527C-4DF8-9CFD-C3CD482A8277}.Debug|Any CPU.Build.0 = Debug|Any CPU
		{C954B3B7-527C-4DF8-9CFD-C3CD482A8277}.Release|Any CPU.ActiveCfg = Release|Any CPU
		{C954B3B7-527C-4DF8-9CFD-C3CD482A8277}.Release|Any CPU.Build.0 = Release|Any CPU
		{9AF3E724-07E8-4C71-A92D-08CB68F3B404}.Debug|Any CPU.ActiveCfg = Debug|Any CPU
		{9AF3E724-07E8-4C71-A92D-08CB68F3B404}.Debug|Any CPU.Build.0 = Debug|Any CPU
		{9AF3E724-07E8-4C71-A92D-08CB68F3B404}.Release|Any CPU.ActiveCfg = Release|Any CPU
		{9AF3E724-07E8-4C71-A92D-08CB68F3B404}.Release|Any CPU.Build.0 = Release|Any CPU
		{D60B3AD6-C4D2-4DB7-ADB9-FCA46AC73FAC}.Debug|Any CPU.ActiveCfg = Debug|Any CPU
		{D60B3AD6-C4D2-4DB7-ADB9-FCA46AC73FAC}.Debug|Any CPU.Build.0 = Debug|Any CPU
		{D60B3AD6-C4D2-4DB7-ADB9-FCA46AC73FAC}.Release|Any CPU.ActiveCfg = Release|Any CPU
		{D60B3AD6-C4D2-4DB7-ADB9-FCA46AC73FAC}.Release|Any CPU.Build.0 = Release|Any CPU
		{609469FB-C21E-4300-A187-BABDA6E34E78}.Debug|Any CPU.ActiveCfg = Debug|Any CPU
		{609469FB-C21E-4300-A187-BABDA6E34E78}.Debug|Any CPU.Build.0 = Debug|Any CPU
		{609469FB-C21E-4300-A187-BABDA6E34E78}.Release|Any CPU.ActiveCfg = Release|Any CPU
		{609469FB-C21E-4300-A187-BABDA6E34E78}.Release|Any CPU.Build.0 = Release|Any CPU
		{BFAB7B10-6F31-40F9-8421-3B4F19D0FCAF}.Debug|Any CPU.ActiveCfg = Debug|Any CPU
		{BFAB7B10-6F31-40F9-8421-3B4F19D0FCAF}.Debug|Any CPU.Build.0 = Debug|Any CPU
		{BFAB7B10-6F31-40F9-8421-3B4F19D0FCAF}.Release|Any CPU.ActiveCfg = Release|Any CPU
		{BFAB7B10-6F31-40F9-8421-3B4F19D0FCAF}.Release|Any CPU.Build.0 = Release|Any CPU
		{19AE2749-1B9C-43B2-A858-B9BF5DE1122B}.Debug|Any CPU.ActiveCfg = Debug|Any CPU
		{19AE2749-1B9C-43B2-A858-B9BF5DE1122B}.Debug|Any CPU.Build.0 = Debug|Any CPU
		{19AE2749-1B9C-43B2-A858-B9BF5DE1122B}.Release|Any CPU.ActiveCfg = Release|Any CPU
		{19AE2749-1B9C-43B2-A858-B9BF5DE1122B}.Release|Any CPU.Build.0 = Release|Any CPU
	EndGlobalSection
	GlobalSection(SolutionProperties) = preSolution
		HideSolutionNode = FALSE
	EndGlobalSection
EndGlobal
