
Microsoft Visual Studio Solution File, Format Version 12.00
# Visual Studio 14
VisualStudioVersion = 14.0.25420.1
MinimumVisualStudioVersion = 10.0.40219.1
Project("{FAE04EC0-301F-11D3-BF4B-00C04F79EFBC}") = "TheNumberOfOccurrences", "DictionariesHash-TablesSets\TheNumberOfOccurrences.csproj", "{B14BEB18-2198-47DB-8539-B9FA7B4D975A}"
EndProject
Project("{FAE04EC0-301F-11D3-BF4B-00C04F79EFBC}") = "OddNumberOfTimes", "OddNumberOfTimes\OddNumberOfTimes.csproj", "{A0BB91FF-67EC-4587-B210-CE98393D5652}"
EndProject
Project("{FAE04EC0-301F-11D3-BF4B-00C04F79EFBC}") = "EachWordInText", "EachWordInText\EachWordInText.csproj", "{582AE4CF-B183-4D8F-8E2E-28F57A70360B}"
EndProject
Project("{FAE04EC0-301F-11D3-BF4B-00C04F79EFBC}") = "DictHashSetT", "DictHashSetT\DictHashSetT.csproj", "{CD6335B4-03C9-42D1-8FCD-BAD84B93496F}"
EndProject
Global
	GlobalSection(SolutionConfigurationPlatforms) = preSolution
		Debug|Any CPU = Debug|Any CPU
		Release|Any CPU = Release|Any CPU
	EndGlobalSection
	GlobalSection(ProjectConfigurationPlatforms) = postSolution
		{B14BEB18-2198-47DB-8539-B9FA7B4D975A}.Debug|Any CPU.ActiveCfg = Debug|Any CPU
		{B14BEB18-2198-47DB-8539-B9FA7B4D975A}.Debug|Any CPU.Build.0 = Debug|Any CPU
		{B14BEB18-2198-47DB-8539-B9FA7B4D975A}.Release|Any CPU.ActiveCfg = Release|Any CPU
		{B14BEB18-2198-47DB-8539-B9FA7B4D975A}.Release|Any CPU.Build.0 = Release|Any CPU
		{A0BB91FF-67EC-4587-B210-CE98393D5652}.Debug|Any CPU.ActiveCfg = Debug|Any CPU
		{A0BB91FF-67EC-4587-B210-CE98393D5652}.Debug|Any CPU.Build.0 = Debug|Any CPU
		{A0BB91FF-67EC-4587-B210-CE98393D5652}.Release|Any CPU.ActiveCfg = Release|Any CPU
		{A0BB91FF-67EC-4587-B210-CE98393D5652}.Release|Any CPU.Build.0 = Release|Any CPU
		{582AE4CF-B183-4D8F-8E2E-28F57A70360B}.Debug|Any CPU.ActiveCfg = Debug|Any CPU
		{582AE4CF-B183-4D8F-8E2E-28F57A70360B}.Debug|Any CPU.Build.0 = Debug|Any CPU
		{582AE4CF-B183-4D8F-8E2E-28F57A70360B}.Release|Any CPU.ActiveCfg = Release|Any CPU
		{582AE4CF-B183-4D8F-8E2E-28F57A70360B}.Release|Any CPU.Build.0 = Release|Any CPU
		{CD6335B4-03C9-42D1-8FCD-BAD84B93496F}.Debug|Any CPU.ActiveCfg = Debug|Any CPU
		{CD6335B4-03C9-42D1-8FCD-BAD84B93496F}.Debug|Any CPU.Build.0 = Debug|Any CPU
		{CD6335B4-03C9-42D1-8FCD-BAD84B93496F}.Release|Any CPU.ActiveCfg = Release|Any CPU
		{CD6335B4-03C9-42D1-8FCD-BAD84B93496F}.Release|Any CPU.Build.0 = Release|Any CPU
	EndGlobalSection
	GlobalSection(SolutionProperties) = preSolution
		HideSolutionNode = FALSE
	EndGlobalSection
EndGlobal
